
Microsoft Visual Studio Solution File, Format Version 12.00
# Visual Studio 15
VisualStudioVersion = 15.0.27703.2047
MinimumVisualStudioVersion = 10.0.40219.1
Project("{FAE04EC0-301F-11D3-BF4B-00C04F79EFBC}") = "Parcer", "Parcer\Parcer.csproj", "{DC0B0168-3BF8-45F1-9757-33267EEDE976}"
EndProject
Global
	GlobalSection(SolutionConfigurationPlatforms) = preSolution
		Debug|Any CPU = Debug|Any CPU
		Release|Any CPU = Release|Any CPU
	EndGlobalSection
	GlobalSection(ProjectConfigurationPlatforms) = postSolution
		{DC0B0168-3BF8-45F1-9757-33267EEDE976}.Debug|Any CPU.ActiveCfg = Debug|Any CPU
		{DC0B0168-3BF8-45F1-9757-33267EEDE976}.Debug|Any CPU.Build.0 = Debug|Any CPU
		{DC0B0168-3BF8-45F1-9757-33267EEDE976}.Release|Any CPU.ActiveCfg = Release|Any CPU
		{DC0B0168-3BF8-45F1-9757-33267EEDE976}.Release|Any CPU.Build.0 = Release|Any CPU
	EndGlobalSection
	GlobalSection(SolutionProperties) = preSolution
		HideSolutionNode = FALSE
	EndGlobalSection
	GlobalSection(ExtensibilityGlobals) = postSolution
		SolutionGuid = {B39AA087-2CC4-40FD-B102-DAE40376FF20}
	EndGlobalSection
EndGlobal
